<?xml version="1.0" encoding="utf-8"?>
<Project ToolsVersion="4.0" xmlns="http://schemas.microsoft.com/developer/msbuild/2003">
  <ItemGroup>
    <Filter Include="源文件">
      <UniqueIdentifier>{4FC737F1-C7A5-4376-A066-2A32D752A2FF}</UniqueIdentifier>
      <Extensions>cpp;c;cc;cxx;def;odl;idl;hpj;bat;asm;asmx</Extensions>
    </Filter>
    <Filter Include="头文件">
      <UniqueIdentifier>{93995380-89BD-4b04-88EB-625FBE52EBFB}</UniqueIdentifier>
      <Extensions>h;hh;hpp;hxx;hm;inl;inc;ipp;xsd</Extensions>
    </Filter>
    <Filter Include="资源文件">
      <UniqueIdentifier>{67DA6AB6-F800-4c08-8B7A-83BB121AAD01}</UniqueIdentifier>
      <Extensions>rc;ico;cur;bmp;dlg;rc2;rct;bin;rgs;gif;jpg;jpeg;jpe;resx;tiff;tif;png;wav;mfcribbon-ms</Extensions>
    </Filter>
  </ItemGroup>
  <ItemGroup>
    <ClCompile Include="Util.cpp">
      <Filter>源文件</Filter>
    </ClCompile>
    <ClCompile Include="Athlete.h">
      <Filter>头文件</Filter>
    </ClCompile>
    <ClCompile Include="main.cpp">
      <Filter>源文件</Filter>
    </ClCompile>
    <ClCompile Include="Athlete.cpp">
      <Filter>源文件</Filter>
    </ClCompile>
    <ClCompile Include="Person.cpp">
      <Filter>源文件</Filter>
    </ClCompile>
    <ClCompile Include="Psychologist.cpp">
      <Filter>源文件</Filter>
    </ClCompile>
    <ClCompile Include="Team.cpp">
      <Filter>源文件</Filter>
    </ClCompile>
    <ClCompile Include="Therapist.cpp">
      <Filter>源文件</Filter>
    </ClCompile>
    <ClCompile Include="Manager.cpp">
      <Filter>源文件</Filter>
    </ClCompile>
    <ClCompile Include="Game.cpp">
      <Filter>源文件</Filter>
    </ClCompile>
    <ClCompile Include="Location.cpp">
      <Filter>源文件</Filter>
    </ClCompile>
    <ClCompile Include="Weather.cpp">
      <Filter>源文件</Filter>
    </ClCompile>
    <ClCompile Include="Coach.cpp">
      <Filter>源文件</Filter>
    </ClCompile>
    <ClCompile Include="Score.cpp">
      <Filter>源文件</Filter>
    </ClCompile>
  </ItemGroup>
  <ItemGroup>
    <ClInclude Include="Util.h">
      <Filter>头文件</Filter>
    </ClInclude>
    <ClInclude Include="Config.h">
      <Filter>头文件</Filter>
    </ClInclude>
    <ClInclude Include="Person.h">
      <Filter>头文件</Filter>
    </ClInclude>
    <ClInclude Include="Psychologist.h">
      <Filter>头文件</Filter>
    </ClInclude>
    <ClInclude Include="Team.h">
      <Filter>头文件</Filter>
    </ClInclude>
    <ClInclude Include="Therapist.h">
      <Filter>头文件</Filter>
    </ClInclude>
    <ClInclude Include="Manager.h">
      <Filter>头文件</Filter>
    </ClInclude>
    <ClInclude Include="Game.h">
      <Filter>头文件</Filter>
    </ClInclude>
    <ClInclude Include="Location.h">
      <Filter>头文件</Filter>
    </ClInclude>
    <ClInclude Include="Weather.h">
      <Filter>头文件</Filter>
    </ClInclude>
    <ClInclude Include="Coach.h">
      <Filter>头文件</Filter>
    </ClInclude>
    <ClInclude Include="Score.h">
      <Filter>头文件</Filter>
    </ClInclude>
  </ItemGroup>
  <ItemGroup>
    <Text Include="MAN_NAME.txt">
      <Filter>资源文件</Filter>
    </Text>
    <Text Include="WOMAN_NAME.txt">
      <Filter>资源文件</Filter>
    </Text>
  </ItemGroup>
</Project>